
Microsoft Visual Studio Solution File, Format Version 12.00
# Visual Studio Version 17
VisualStudioVersion = 17.0.32112.339
MinimumVisualStudioVersion = 10.0.40219.1
Project("{2150E333-8FDC-42A3-9474-1A3956D46DE8}") = "Solution Items", "Solution Items", "{E7536ADF-F555-4EE8-911D-8681E5E9010B}"
	ProjectSection(SolutionItems) = preProject
		.editorconfig = .editorconfig
		.runsettings = .runsettings
	EndProjectSection
EndProject
Project("{9A19103F-16F7-4668-BE54-9A1E7A4F7556}") = "DiveShopBlazor.Server", "DiveShopBlazor.Server\DiveShopBlazor.Server.csproj", "{2B17D757-E201-439A-B3F3-F811BEA0FF59}"
EndProject
Project("{9A19103F-16F7-4668-BE54-9A1E7A4F7556}") = "DiveShopBlazor.WebAssembly", "DiveShopBlazor.WebAssembly\DiveShopBlazor.WebAssembly.csproj", "{F8D188FE-0B17-425F-A5C5-FDE5EEAD4A1D}"
EndProject
Global
	GlobalSection(SolutionConfigurationPlatforms) = preSolution
		Debug|Any CPU = Debug|Any CPU
		Release|Any CPU = Release|Any CPU
	EndGlobalSection
	GlobalSection(ProjectConfigurationPlatforms) = postSolution
		{2B17D757-E201-439A-B3F3-F811BEA0FF59}.Debug|Any CPU.ActiveCfg = Debug|Any CPU
		{2B17D757-E201-439A-B3F3-F811BEA0FF59}.Debug|Any CPU.Build.0 = Debug|Any CPU
		{2B17D757-E201-439A-B3F3-F811BEA0FF59}.Release|Any CPU.ActiveCfg = Release|Any CPU
		{2B17D757-E201-439A-B3F3-F811BEA0FF59}.Release|Any CPU.Build.0 = Release|Any CPU
		{F8D188FE-0B17-425F-A5C5-FDE5EEAD4A1D}.Debug|Any CPU.ActiveCfg = Debug|Any CPU
		{F8D188FE-0B17-425F-A5C5-FDE5EEAD4A1D}.Debug|Any CPU.Build.0 = Debug|Any CPU
		{F8D188FE-0B17-425F-A5C5-FDE5EEAD4A1D}.Release|Any CPU.ActiveCfg = Release|Any CPU
		{F8D188FE-0B17-425F-A5C5-FDE5EEAD4A1D}.Release|Any CPU.Build.0 = Release|Any CPU
	EndGlobalSection
	GlobalSection(SolutionProperties) = preSolution
		HideSolutionNode = FALSE
	EndGlobalSection
	GlobalSection(ExtensibilityGlobals) = postSolution
		SolutionGuid = {C64C040E-A16A-4A12-9A70-07D83EE1606A}
	EndGlobalSection
EndGlobal
